
Microsoft Visual Studio Solution File, Format Version 12.00
# Visual Studio Version 17
VisualStudioVersion = 17.1.32414.318
MinimumVisualStudioVersion = 10.0.40219.1
Project("{9A19103F-16F7-4668-BE54-9A1E7A4F7556}") = "CSharpInNutShell", "CSharpInNutShell\CSharpInNutShell.csproj", "{1571A59F-E616-47EB-A877-5058AA896481}"
EndProject
Project("{9A19103F-16F7-4668-BE54-9A1E7A4F7556}") = "AbstrectAndInterface", "AbstrectAndInterface\AbstrectAndInterface.csproj", "{1D14F464-91BD-4B11-ACD5-02839D386358}"
EndProject
Project("{FAE04EC0-301F-11D3-BF4B-00C04F79EFBC}") = "Generics", "Generics\Generics.csproj", "{0DBB264D-8B83-4838-91FA-F0E0E0C24DEA}"
EndProject
Global
	GlobalSection(SolutionConfigurationPlatforms) = preSolution
		Debug|Any CPU = Debug|Any CPU
		Release|Any CPU = Release|Any CPU
	EndGlobalSection
	GlobalSection(ProjectConfigurationPlatforms) = postSolution
		{1571A59F-E616-47EB-A877-5058AA896481}.Debug|Any CPU.ActiveCfg = Debug|Any CPU
		{1571A59F-E616-47EB-A877-5058AA896481}.Debug|Any CPU.Build.0 = Debug|Any CPU
		{1571A59F-E616-47EB-A877-5058AA896481}.Release|Any CPU.ActiveCfg = Release|Any CPU
		{1571A59F-E616-47EB-A877-5058AA896481}.Release|Any CPU.Build.0 = Release|Any CPU
		{1D14F464-91BD-4B11-ACD5-02839D386358}.Debug|Any CPU.ActiveCfg = Debug|Any CPU
		{1D14F464-91BD-4B11-ACD5-02839D386358}.Debug|Any CPU.Build.0 = Debug|Any CPU
		{1D14F464-91BD-4B11-ACD5-02839D386358}.Release|Any CPU.ActiveCfg = Release|Any CPU
		{1D14F464-91BD-4B11-ACD5-02839D386358}.Release|Any CPU.Build.0 = Release|Any CPU
		{0DBB264D-8B83-4838-91FA-F0E0E0C24DEA}.Debug|Any CPU.ActiveCfg = Debug|Any CPU
		{0DBB264D-8B83-4838-91FA-F0E0E0C24DEA}.Debug|Any CPU.Build.0 = Debug|Any CPU
		{0DBB264D-8B83-4838-91FA-F0E0E0C24DEA}.Release|Any CPU.ActiveCfg = Release|Any CPU
		{0DBB264D-8B83-4838-91FA-F0E0E0C24DEA}.Release|Any CPU.Build.0 = Release|Any CPU
	EndGlobalSection
	GlobalSection(SolutionProperties) = preSolution
		HideSolutionNode = FALSE
	EndGlobalSection
	GlobalSection(ExtensibilityGlobals) = postSolution
		SolutionGuid = {38F3944B-8216-4C7A-BFB4-3770F7B504E1}
	EndGlobalSection
EndGlobal
